
Microsoft Visual Studio Solution File, Format Version 12.00
# Visual Studio 14
VisualStudioVersion = 14.0.23107.0
MinimumVisualStudioVersion = 10.0.40219.1
Project("{FAE04EC0-301F-11D3-BF4B-00C04F79EFBC}") = "CowsAndBullS", "CowsAndBullS\CowsAndBullS.csproj", "{0391C0BB-AE2D-4961-99F6-AB7C2E5F4F4A}"
EndProject
Global
	GlobalSection(SolutionConfigurationPlatforms) = preSolution
		Debug|Any CPU = Debug|Any CPU
		Release|Any CPU = Release|Any CPU
	EndGlobalSection
	GlobalSection(ProjectConfigurationPlatforms) = postSolution
		{0391C0BB-AE2D-4961-99F6-AB7C2E5F4F4A}.Debug|Any CPU.ActiveCfg = Debug|Any CPU
		{0391C0BB-AE2D-4961-99F6-AB7C2E5F4F4A}.Debug|Any CPU.Build.0 = Debug|Any CPU
		{0391C0BB-AE2D-4961-99F6-AB7C2E5F4F4A}.Release|Any CPU.ActiveCfg = Release|Any CPU
		{0391C0BB-AE2D-4961-99F6-AB7C2E5F4F4A}.Release|Any CPU.Build.0 = Release|Any CPU
	EndGlobalSection
	GlobalSection(SolutionProperties) = preSolution
		HideSolutionNode = FALSE
	EndGlobalSection
EndGlobal
